<?xml version="1.0" encoding="utf-8"?>
<Project ToolsVersion="4.0" xmlns="http://schemas.microsoft.com/developer/msbuild/2003">
  <ItemGroup>
    <Filter Include="Source Files">
      <UniqueIdentifier>{4FC737F1-C7A5-4376-A066-2A32D752A2FF}</UniqueIdentifier>
      <Extensions>cpp;c;cc;cxx;c++;cppm;ixx;def;odl;idl;hpj;bat;asm;asmx</Extensions>
    </Filter>
    <Filter Include="Header Files">
      <UniqueIdentifier>{93995380-89BD-4b04-88EB-625FBE52EBFB}</UniqueIdentifier>
      <Extensions>h;hh;hpp;hxx;h++;hm;inl;inc;ipp;xsd</Extensions>
    </Filter>
    <Filter Include="Resource Files">
      <UniqueIdentifier>{67DA6AB6-F800-4c08-8B7A-83BB121AAD01}</UniqueIdentifier>
      <Extensions>rc;ico;cur;bmp;dlg;rc2;rct;bin;rgs;gif;jpg;jpeg;jpe;resx;tiff;tif;png;wav;mfcribbon-ms</Extensions>
    </Filter>
    <Filter Include="Header Files\Producto">
      <UniqueIdentifier>{dca52afa-3225-491a-81ba-1e917c41b5db}</UniqueIdentifier>
    </Filter>
    <Filter Include="Source Files\Producto">
      <UniqueIdentifier>{7616a1b4-e81c-4819-a8fb-e4edc56c162b}</UniqueIdentifier>
    </Filter>
    <Filter Include="Header Files\Producto\Producto concreto">
      <UniqueIdentifier>{be0617ca-2c17-4976-ad53-d08a5eed013c}</UniqueIdentifier>
    </Filter>
    <Filter Include="Source Files\Producto\ProductoConcreto">
      <UniqueIdentifier>{2a4db0c8-d009-44db-97bf-a268c896bc84}</UniqueIdentifier>
    </Filter>
    <Filter Include="Header Files\Producto\ProductoFactory">
      <UniqueIdentifier>{74ea840f-a5f1-44d4-b0bb-f688cb9c618f}</UniqueIdentifier>
    </Filter>
    <Filter Include="Source Files\Producto\ProductoFactory">
      <UniqueIdentifier>{a7de7158-1ccb-48f1-ab6a-5a3231eac707}</UniqueIdentifier>
    </Filter>
    <Filter Include="Source Files\Producto\Observer">
      <UniqueIdentifier>{38fa23a6-9116-45f4-8fe5-51cc0327fe58}</UniqueIdentifier>
    </Filter>
    <Filter Include="Source Files\Producto\Inventario">
      <UniqueIdentifier>{5157dd5b-4553-44ba-926a-ee3be61dc9ed}</UniqueIdentifier>
    </Filter>
    <Filter Include="Header Files\Ticket">
      <UniqueIdentifier>{2362cdd3-f557-45fc-960d-41af0a783f58}</UniqueIdentifier>
    </Filter>
    <Filter Include="Source Files\Ticket">
      <UniqueIdentifier>{58ec7832-cba3-45b5-b791-780748ed9116}</UniqueIdentifier>
    </Filter>
    <Filter Include="Header Files\Producto\Inventario">
      <UniqueIdentifier>{d2648805-177e-4312-99d2-ea57e9ae35a7}</UniqueIdentifier>
    </Filter>
    <Filter Include="Header Files\Producto\Observer">
      <UniqueIdentifier>{c880cf74-7a6d-41da-8cc2-852d7ac02e66}</UniqueIdentifier>
    </Filter>
    <Filter Include="Header Files\Strategy">
      <UniqueIdentifier>{c6d8f3b3-218b-4e06-9b66-a2851a0b4466}</UniqueIdentifier>
    </Filter>
    <Filter Include="Source Files\Strategy">
      <UniqueIdentifier>{ef36917b-74c6-4d9e-9904-f46ef9e12715}</UniqueIdentifier>
    </Filter>
    <Filter Include="Header Files\Command">
      <UniqueIdentifier>{0edbe693-610b-4bc1-a344-ca628a79b062}</UniqueIdentifier>
    </Filter>
    <Filter Include="Source Files\Command">
      <UniqueIdentifier>{ecff62d4-52ed-4abf-8aa4-ccb40d5b32fa}</UniqueIdentifier>
    </Filter>
    <Filter Include="Header Files\Facade">
      <UniqueIdentifier>{a4d0009a-9fd7-487a-8fe6-58323d789741}</UniqueIdentifier>
    </Filter>
  </ItemGroup>
  <ItemGroup>
    <ClCompile Include="source\main.cpp">
      <Filter>Source Files</Filter>
    </ClCompile>
    <ClCompile Include="source\Producto\Producto.cpp">
      <Filter>Source Files\Producto</Filter>
    </ClCompile>
    <ClCompile Include="source\Producto\ProductoConcreto\ProductoBebida.cpp">
      <Filter>Source Files\Producto\ProductoConcreto</Filter>
    </ClCompile>
    <ClCompile Include="source\Producto\ProductoConcreto\ProductoComida.cpp">
      <Filter>Source Files\Producto\ProductoConcreto</Filter>
    </ClCompile>
    <ClCompile Include="source\Producto\ProductoConcreto\ProductoMedicamento.cpp">
      <Filter>Source Files\Producto\ProductoConcreto</Filter>
    </ClCompile>
    <ClCompile Include="source\Producto\ProductoFactory\ComidaFactory.cpp">
      <Filter>Source Files\Producto\ProductoFactory</Filter>
    </ClCompile>
    <ClCompile Include="source\Producto\ProductoFactory\BebidaFactory.cpp">
      <Filter>Source Files\Producto\ProductoFactory</Filter>
    </ClCompile>
    <ClCompile Include="source\Producto\ProductoFactory\MedicamentoFactory.cpp">
      <Filter>Source Files\Producto\ProductoFactory</Filter>
    </ClCompile>
    <ClCompile Include="source\Producto\Observer\Sujeto.cpp">
      <Filter>Source Files\Producto\Observer</Filter>
    </ClCompile>
    <ClCompile Include="source\Producto\Observer\AlertaInventario.cpp">
      <Filter>Source Files\Producto\Observer</Filter>
    </ClCompile>
    <ClCompile Include="source\Producto\Inventario\Inventario.cpp">
      <Filter>Source Files\Producto\Inventario</Filter>
    </ClCompile>
    <ClCompile Include="source\Producto\Inventario\AdapterJson.cpp">
      <Filter>Source Files</Filter>
    </ClCompile>
    <ClCompile Include="source\Ticket\Ticket.cpp">
      <Filter>Source Files\Ticket</Filter>
    </ClCompile>
    <ClCompile Include="source\Ticket\GenerarTicket.cpp">
      <Filter>Source Files\Ticket</Filter>
    </ClCompile>
    <ClCompile Include="source\Ticket\Correo.cpp">
      <Filter>Source Files\Ticket</Filter>
    </ClCompile>
    <ClCompile Include="source\Strategy\PagoEfectivo.cpp">
      <Filter>Source Files\Strategy</Filter>
    </ClCompile>
    <ClCompile Include="source\Strategy\Debito.cpp">
      <Filter>Source Files\Strategy</Filter>
    </ClCompile>
    <ClCompile Include="source\Strategy\PagoCredito.cpp">
      <Filter>Source Files\Strategy</Filter>
    </ClCompile>
    <ClCompile Include="source\Ticket\Proveedor.cpp">
      <Filter>Source Files\Ticket</Filter>
    </ClCompile>
    <ClCompile Include="source\Ticket\Gasolinera.cpp">
      <Filter>Source Files\Ticket</Filter>
    </ClCompile>
    <ClCompile Include="source\Command\ComandoCarga.cpp">
      <Filter>Source Files\Command</Filter>
    </ClCompile>
    <ClCompile Include="source\Ticket\TicketGasolinera.cpp">
      <Filter>Source Files\Ticket</Filter>
    </ClCompile>
    <ClCompile Include="source\Ticket\CrearTicketGasolina.cpp">
      <Filter>Source Files\Ticket</Filter>
    </ClCompile>
  </ItemGroup>
  <ItemGroup>
    <ClInclude Include="include\Prerequisites.h">
      <Filter>Header Files</Filter>
    </ClInclude>
    <ClInclude Include="include\Producto\Producto.h">
      <Filter>Header Files\Producto</Filter>
    </ClInclude>
    <ClInclude Include="include\Producto\FabricaAbstracta.h">
      <Filter>Header Files\Producto</Filter>
    </ClInclude>
    <ClInclude Include="include\Producto\ProductoConcreto\ProductoComida.h">
      <Filter>Header Files\Producto\Producto concreto</Filter>
    </ClInclude>
    <ClInclude Include="include\Producto\ProductoConcreto\ProductoBebida.h">
      <Filter>Header Files\Producto\Producto concreto</Filter>
    </ClInclude>
    <ClInclude Include="include\Producto\FabricaProducto.h">
      <Filter>Header Files\Producto</Filter>
    </ClInclude>
    <ClInclude Include="include\Producto\ProductoConcreto\ProductoMedicamento.h">
      <Filter>Header Files\Producto\Producto concreto</Filter>
    </ClInclude>
    <ClInclude Include="include\Producto\ProductoFactory\ProductoFactory.h">
      <Filter>Header Files\Producto\ProductoFactory</Filter>
    </ClInclude>
    <ClInclude Include="include\Producto\ProductoFactory\ComidaFactory.h">
      <Filter>Header Files\Producto\ProductoFactory</Filter>
    </ClInclude>
    <ClInclude Include="include\Producto\ProductoFactory\BebidaFactory.h">
      <Filter>Header Files\Producto\ProductoFactory</Filter>
    </ClInclude>
    <ClInclude Include="include\Producto\ProductoFactory\MedicamentoFactory.h">
      <Filter>Header Files\Producto\ProductoFactory</Filter>
    </ClInclude>
    <ClInclude Include="include\Producto\Observer\Observer.h">
      <Filter>Header Files\Producto\Observer</Filter>
    </ClInclude>
    <ClInclude Include="include\Producto\Observer\Sujeto.h">
      <Filter>Header Files\Producto\Observer</Filter>
    </ClInclude>
    <ClInclude Include="include\Producto\Observer\AlertaInventario.h">
      <Filter>Header Files\Producto\Observer</Filter>
    </ClInclude>
    <ClInclude Include="include\Producto\Inventario\Inventario.h">
      <Filter>Header Files\Producto\Inventario</Filter>
    </ClInclude>
    <ClInclude Include="include\AdapterJson.h">
      <Filter>Header Files</Filter>
    </ClInclude>
    <ClInclude Include="include\json.hpp">
      <Filter>Header Files</Filter>
    </ClInclude>
    <ClInclude Include="include\Ticket\Ticket.h">
      <Filter>Header Files\Ticket</Filter>
    </ClInclude>
    <ClInclude Include="include\Ticket\GenerarTicket.h">
      <Filter>Header Files\Ticket</Filter>
    </ClInclude>
    <ClInclude Include="include\Ticket\Correo.h">
      <Filter>Header Files\Ticket</Filter>
    </ClInclude>
    <ClInclude Include="include\Strategy\PagoStrategy.h">
      <Filter>Header Files\Strategy</Filter>
    </ClInclude>
    <ClInclude Include="include\Strategy\PagoEfectivo.h">
      <Filter>Header Files\Strategy</Filter>
    </ClInclude>
    <ClInclude Include="include\Strategy\PagoDebito.h">
      <Filter>Header Files\Strategy</Filter>
    </ClInclude>
    <ClInclude Include="include\Strategy\PagoCredito.h">
      <Filter>Header Files\Strategy</Filter>
    </ClInclude>
    <ClInclude Include="include\Ticket\Proveedor.h">
      <Filter>Header Files\Ticket</Filter>
    </ClInclude>
    <ClInclude Include="include\Ticket\Gasolinera.h">
      <Filter>Header Files\Ticket</Filter>
    </ClInclude>
    <ClInclude Include="include\Command\Command.h">
      <Filter>Header Files\Command</Filter>
    </ClInclude>
    <ClInclude Include="include\Command\ComandoCarga.h">
      <Filter>Header Files\Command</Filter>
    </ClInclude>
    <ClInclude Include="include\Ticket\TicketGasolinera.h">
      <Filter>Header Files\Ticket</Filter>
    </ClInclude>
    <ClInclude Include="include\Ticket\CrearTicketGasolina.h">
      <Filter>Header Files\Ticket</Filter>
    </ClInclude>
    <ClInclude Include="include\Facade\Facade.h">
      <Filter>Header Files\Facade</Filter>
    </ClInclude>
  </ItemGroup>
  <ItemGroup>
    <None Include="Inventario.json" />
  </ItemGroup>
</Project>