<?xml version="1.0" encoding="utf-8"?>
<Project ToolsVersion="4.0" xmlns="http://schemas.microsoft.com/developer/msbuild/2003">
  <ItemGroup>
    <Filter Include="Source Files">
      <UniqueIdentifier>{4FC737F1-C7A5-4376-A066-2A32D752A2FF}</UniqueIdentifier>
      <Extensions>cpp;c;cc;cxx;c++;cppm;ixx;def;odl;idl;hpj;bat;asm;asmx</Extensions>
    </Filter>
    <Filter Include="Header Files">
      <UniqueIdentifier>{93995380-89BD-4b04-88EB-625FBE52EBFB}</UniqueIdentifier>
      <Extensions>h;hh;hpp;hxx;h++;hm;inl;inc;ipp;xsd</Extensions>
    </Filter>
    <Filter Include="Resource Files">
      <UniqueIdentifier>{67DA6AB6-F800-4c08-8B7A-83BB121AAD01}</UniqueIdentifier>
      <Extensions>rc;ico;cur;bmp;dlg;rc2;rct;bin;rgs;gif;jpg;jpeg;jpe;resx;tiff;tif;png;wav;mfcribbon-ms</Extensions>
    </Filter>
    <Filter Include="Header Files\Producto">
      <UniqueIdentifier>{dca52afa-3225-491a-81ba-1e917c41b5db}</UniqueIdentifier>
    </Filter>
    <Filter Include="Source Files\Producto">
      <UniqueIdentifier>{7616a1b4-e81c-4819-a8fb-e4edc56c162b}</UniqueIdentifier>
    </Filter>
    <Filter Include="Header Files\Producto\Producto concreto">
      <UniqueIdentifier>{be0617ca-2c17-4976-ad53-d08a5eed013c}</UniqueIdentifier>
    </Filter>
    <Filter Include="Source Files\Producto\ProductoConcreto">
      <UniqueIdentifier>{2a4db0c8-d009-44db-97bf-a268c896bc84}</UniqueIdentifier>
    </Filter>
    <Filter Include="Header Files\Producto\ProductoFactory">
      <UniqueIdentifier>{74ea840f-a5f1-44d4-b0bb-f688cb9c618f}</UniqueIdentifier>
    </Filter>
    <Filter Include="Source Files\Producto\ProductoFactory">
      <UniqueIdentifier>{a7de7158-1ccb-48f1-ab6a-5a3231eac707}</UniqueIdentifier>
    </Filter>
    <Filter Include="Header Files\Observer">
      <UniqueIdentifier>{c880cf74-7a6d-41da-8cc2-852d7ac02e66}</UniqueIdentifier>
    </Filter>
  </ItemGroup>
  <ItemGroup>
    <ClCompile Include="source\main.cpp">
      <Filter>Source Files</Filter>
    </ClCompile>
    <ClCompile Include="source\Producto\Producto.cpp">
      <Filter>Source Files\Producto</Filter>
    </ClCompile>
    <ClCompile Include="source\Producto\ProductoConcreto\ProductoBebida.cpp">
      <Filter>Source Files\Producto\ProductoConcreto</Filter>
    </ClCompile>
    <ClCompile Include="source\Producto\ProductoConcreto\ProductoComida.cpp">
      <Filter>Source Files\Producto\ProductoConcreto</Filter>
    </ClCompile>
    <ClCompile Include="source\Producto\ProductoConcreto\ProductoMedicamento.cpp">
      <Filter>Source Files\Producto\ProductoConcreto</Filter>
    </ClCompile>
    <ClCompile Include="source\Producto\ProductoFactory\ComidaFactory.cpp">
      <Filter>Source Files\Producto\ProductoFactory</Filter>
    </ClCompile>
    <ClCompile Include="source\Producto\ProductoFactory\BebidaFactory.cpp">
      <Filter>Source Files\Producto\ProductoFactory</Filter>
    </ClCompile>
    <ClCompile Include="source\Producto\ProductoFactory\MedicamentoFactory.cpp">
      <Filter>Source Files\Producto\ProductoFactory</Filter>
    </ClCompile>
  </ItemGroup>
  <ItemGroup>
    <ClInclude Include="include\Prerequisites.h">
      <Filter>Header Files</Filter>
    </ClInclude>
    <ClInclude Include="include\Producto\Producto.h">
      <Filter>Header Files\Producto</Filter>
    </ClInclude>
    <ClInclude Include="include\Producto\FabricaAbstracta.h">
      <Filter>Header Files\Producto</Filter>
    </ClInclude>
    <ClInclude Include="include\Producto\ProductoConcreto\ProductoComida.h">
      <Filter>Header Files\Producto\Producto concreto</Filter>
    </ClInclude>
    <ClInclude Include="include\Producto\ProductoConcreto\ProductoBebida.h">
      <Filter>Header Files\Producto\Producto concreto</Filter>
    </ClInclude>
    <ClInclude Include="include\Producto\FabricaProducto.h">
      <Filter>Header Files\Producto</Filter>
    </ClInclude>
    <ClInclude Include="include\Producto\ProductoConcreto\ProductoMedicamento.h">
      <Filter>Header Files\Producto\Producto concreto</Filter>
    </ClInclude>
    <ClInclude Include="include\Producto\ProductoFactory\ProductoFactory.h">
      <Filter>Header Files\Producto\ProductoFactory</Filter>
    </ClInclude>
    <ClInclude Include="include\Producto\ProductoFactory\ComidaFactory.h">
      <Filter>Header Files\Producto\ProductoFactory</Filter>
    </ClInclude>
    <ClInclude Include="include\Producto\ProductoFactory\BebidaFactory.h">
      <Filter>Header Files\Producto\ProductoFactory</Filter>
    </ClInclude>
    <ClInclude Include="include\Producto\ProductoFactory\MedicamentoFactory.h">
      <Filter>Header Files\Producto\ProductoFactory</Filter>
    </ClInclude>
    <ClInclude Include="include\json.hpp">
      <Filter>Header Files</Filter>
    </ClInclude>
    <ClInclude Include="include\Producto\Observer\Observer.h">
      <Filter>Header Files\Observer</Filter>
    </ClInclude>
    <ClInclude Include="include\Producto\Observer\Sujeto.h">
      <Filter>Header Files\Observer</Filter>
    </ClInclude>
  </ItemGroup>
</Project>